
Microsoft Visual Studio Solution File, Format Version 12.00
# Visual Studio Version 16
VisualStudioVersion = 16.0.30711.63
MinimumVisualStudioVersion = 10.0.40219.1
Project("{FAE04EC0-301F-11D3-BF4B-00C04F79EFBC}") = "demo.web", "demo.web\demo.web.csproj", "{89DEAD34-BC0A-4DC7-8F6C-66F0EEB2C129}"
EndProject
Global
	GlobalSection(SolutionConfigurationPlatforms) = preSolution
		Debug|Any CPU = Debug|Any CPU
		Release|Any CPU = Release|Any CPU
	EndGlobalSection
	GlobalSection(ProjectConfigurationPlatforms) = postSolution
		{89DEAD34-BC0A-4DC7-8F6C-66F0EEB2C129}.Debug|Any CPU.ActiveCfg = Debug|Any CPU
		{89DEAD34-BC0A-4DC7-8F6C-66F0EEB2C129}.Debug|Any CPU.Build.0 = Debug|Any CPU
		{89DEAD34-BC0A-4DC7-8F6C-66F0EEB2C129}.Release|Any CPU.ActiveCfg = Release|Any CPU
		{89DEAD34-BC0A-4DC7-8F6C-66F0EEB2C129}.Release|Any CPU.Build.0 = Release|Any CPU
	EndGlobalSection
	GlobalSection(SolutionProperties) = preSolution
		HideSolutionNode = FALSE
	EndGlobalSection
	GlobalSection(ExtensibilityGlobals) = postSolution
		SolutionGuid = {D3CE8C1E-CB38-4F46-AB2F-AE57D45D90AB}
	EndGlobalSection
EndGlobal
